
Microsoft Visual Studio Solution File, Format Version 12.00
# Visual Studio 15
VisualStudioVersion = 15.0.26124.0
MinimumVisualStudioVersion = 15.0.26124.0
Project("{F2A71F9B-5D33-465A-A702-920D77279786}") = "FuelCalculationService", "FuelCalculationService\FuelCalculationService.fsproj", "{53584B46-D98F-4E0C-96EB-4D465F28AFE9}"
EndProject
Project("{F2A71F9B-5D33-465A-A702-920D77279786}") = "FuelCalculationService.Tests", "FuelCalculationService.Tests\FuelCalculationService.Tests.fsproj", "{45E97253-1F5A-4411-8CF7-EB15C9144144}"
EndProject
Global
	GlobalSection(SolutionConfigurationPlatforms) = preSolution
		Debug|Any CPU = Debug|Any CPU
		Debug|x64 = Debug|x64
		Debug|x86 = Debug|x86
		Release|Any CPU = Release|Any CPU
		Release|x64 = Release|x64
		Release|x86 = Release|x86
	EndGlobalSection
	GlobalSection(SolutionProperties) = preSolution
		HideSolutionNode = FALSE
	EndGlobalSection
	GlobalSection(ProjectConfigurationPlatforms) = postSolution
		{53584B46-D98F-4E0C-96EB-4D465F28AFE9}.Debug|Any CPU.ActiveCfg = Debug|Any CPU
		{53584B46-D98F-4E0C-96EB-4D465F28AFE9}.Debug|Any CPU.Build.0 = Debug|Any CPU
		{53584B46-D98F-4E0C-96EB-4D465F28AFE9}.Debug|x64.ActiveCfg = Debug|Any CPU
		{53584B46-D98F-4E0C-96EB-4D465F28AFE9}.Debug|x64.Build.0 = Debug|Any CPU
		{53584B46-D98F-4E0C-96EB-4D465F28AFE9}.Debug|x86.ActiveCfg = Debug|Any CPU
		{53584B46-D98F-4E0C-96EB-4D465F28AFE9}.Debug|x86.Build.0 = Debug|Any CPU
		{53584B46-D98F-4E0C-96EB-4D465F28AFE9}.Release|Any CPU.ActiveCfg = Release|Any CPU
		{53584B46-D98F-4E0C-96EB-4D465F28AFE9}.Release|Any CPU.Build.0 = Release|Any CPU
		{53584B46-D98F-4E0C-96EB-4D465F28AFE9}.Release|x64.ActiveCfg = Release|Any CPU
		{53584B46-D98F-4E0C-96EB-4D465F28AFE9}.Release|x64.Build.0 = Release|Any CPU
		{53584B46-D98F-4E0C-96EB-4D465F28AFE9}.Release|x86.ActiveCfg = Release|Any CPU
		{53584B46-D98F-4E0C-96EB-4D465F28AFE9}.Release|x86.Build.0 = Release|Any CPU
		{45E97253-1F5A-4411-8CF7-EB15C9144144}.Debug|Any CPU.ActiveCfg = Debug|Any CPU
		{45E97253-1F5A-4411-8CF7-EB15C9144144}.Debug|Any CPU.Build.0 = Debug|Any CPU
		{45E97253-1F5A-4411-8CF7-EB15C9144144}.Debug|x64.ActiveCfg = Debug|Any CPU
		{45E97253-1F5A-4411-8CF7-EB15C9144144}.Debug|x64.Build.0 = Debug|Any CPU
		{45E97253-1F5A-4411-8CF7-EB15C9144144}.Debug|x86.ActiveCfg = Debug|Any CPU
		{45E97253-1F5A-4411-8CF7-EB15C9144144}.Debug|x86.Build.0 = Debug|Any CPU
		{45E97253-1F5A-4411-8CF7-EB15C9144144}.Release|Any CPU.ActiveCfg = Release|Any CPU
		{45E97253-1F5A-4411-8CF7-EB15C9144144}.Release|Any CPU.Build.0 = Release|Any CPU
		{45E97253-1F5A-4411-8CF7-EB15C9144144}.Release|x64.ActiveCfg = Release|Any CPU
		{45E97253-1F5A-4411-8CF7-EB15C9144144}.Release|x64.Build.0 = Release|Any CPU
		{45E97253-1F5A-4411-8CF7-EB15C9144144}.Release|x86.ActiveCfg = Release|Any CPU
		{45E97253-1F5A-4411-8CF7-EB15C9144144}.Release|x86.Build.0 = Release|Any CPU
	EndGlobalSection
EndGlobal
